{
    "_meta": {
        "hash": {
            "sha256": "378dfd9ac643881033bcd97c0afaaa54c4a31becbd143526d3a452bd502a85bd"
        },
        "pipfile-spec": 6,
        "requires": {
            "python_version": "3.6"
        },
        "sources": [
            {
                "name": "pypi",
                "url": "https://pypi.org/simple",
                "verify_ssl": true
            }
        ]
    },
    "default": {
        "beautifulsoup4": {
            "hashes": [
                "sha256:034740f6cb549b4e932ae1ab975581e6103ac8f942200a0e9759065984391858",
                "sha256:945065979fb8529dd2f37dbb58f00b661bdbcbebf954f93b32fdf5263ef35348",
                "sha256:ba6d5c59906a85ac23dadfe5c88deaf3e179ef565f4898671253e50a78680718"
            ],
            "index": "pypi",
            "version": "==4.7.1"
        },
        "soupsieve": {
            "hashes": [
                "sha256:009d8865916766f7f452880d08ff94ed4c5445011a3deaac67543b82bdb0b9ee",
                "sha256:97599c45a1ddfe9ab0a0cba889b7f214b3e310b703f176a0610c0b54e207cc04"
            ],
            "version": "==1.7.1"
        },
        "urlopen": {
            "hashes": [
                "sha256:3849626c61deacdd1635fe1d7019800cb0e0ae56467d66c186e17c6cd7fbdf3f"
            ],
            "index": "pypi",
            "version": "==1.0.0"
        }
    },
    "develop": {}
}
